{
  "version": 4,
  "terraform_version": "1.0.1",
  "serial": 26,
  "lineage": "a450a74b-9086-8627-9be5-df9574cc5895",
  "outputs": {
    "server": {
      "value": {
        "ami": "ami-0bdbe51a2e8070ff2",
        "arn": "arn:aws:ec2:eu-central-1:629937491181:instance/i-0df1b233a3f79ca04",
        "associate_public_ip_address": true,
        "availability_zone": "eu-central-1b",
        "capacity_reservation_specification": [
          {
            "capacity_reservation_preference": "open",
            "capacity_reservation_target": []
          }
        ],
        "cpu_core_count": 1,
        "cpu_threads_per_core": 1,
        "credit_specification": [
          {
            "cpu_credits": "standard"
          }
        ],
        "disable_api_termination": false,
        "ebs_block_device": [],
        "ebs_optimized": false,
        "enclave_options": [
          {
            "enabled": false
          }
        ],
        "ephemeral_block_device": [],
        "get_password_data": false,
        "hibernation": false,
        "host_id": null,
        "iam_instance_profile": "",
        "id": "i-0df1b233a3f79ca04",
        "instance_initiated_shutdown_behavior": "stop",
        "instance_state": "running",
        "instance_type": "t2.micro",
        "ipv6_address_count": 0,
        "ipv6_addresses": [],
        "key_name": "my-key",
        "metadata_options": [
          {
            "http_endpoint": "enabled",
            "http_put_response_hop_limit": 1,
            "http_tokens": "optional"
          }
        ],
        "monitoring": false,
        "network_interface": [],
        "outpost_arn": "",
        "password_data": "",
        "placement_group": "",
        "primary_network_interface_id": "eni-02b82920f63d389ab",
        "private_dns": "ip-172-31-43-150.eu-central-1.compute.internal",
        "private_ip": "172.31.43.150",
        "public_dns": "ec2-35-156-33-50.eu-central-1.compute.amazonaws.com",
        "public_ip": "35.156.33.50",
        "root_block_device": [
          {
            "delete_on_termination": true,
            "device_name": "/dev/sda1",
            "encrypted": false,
            "iops": 100,
            "kms_key_id": "",
            "tags": {},
            "throughput": 0,
            "volume_id": "vol-08fb0c3f00d802307",
            "volume_size": 8,
            "volume_type": "gp2"
          }
        ],
        "secondary_private_ips": [],
        "security_groups": [
          "security_group"
        ],
        "source_dest_check": true,
        "subnet_id": "subnet-110bb06d",
        "tags": {},
        "tags_all": {},
        "tenancy": "default",
        "timeouts": null,
        "user_data": null,
        "user_data_base64": null,
        "volume_tags": null,
        "vpc_security_group_ids": [
          "sg-0790a1f603841f05b"
        ]
      },
      "type": [
        "object",
        {
          "ami": "string",
          "arn": "string",
          "associate_public_ip_address": "bool",
          "availability_zone": "string",
          "capacity_reservation_specification": [
            "list",
            [
              "object",
              {
                "capacity_reservation_preference": "string",
                "capacity_reservation_target": [
                  "list",
                  [
                    "object",
                    {
                      "capacity_reservation_id": "string"
                    }
                  ]
                ]
              }
            ]
          ],
          "cpu_core_count": "number",
          "cpu_threads_per_core": "number",
          "credit_specification": [
            "list",
            [
              "object",
              {
                "cpu_credits": "string"
              }
            ]
          ],
          "disable_api_termination": "bool",
          "ebs_block_device": [
            "set",
            [
              "object",
              {
                "delete_on_termination": "bool",
                "device_name": "string",
                "encrypted": "bool",
                "iops": "number",
                "kms_key_id": "string",
                "snapshot_id": "string",
                "tags": [
                  "map",
                  "string"
                ],
                "throughput": "number",
                "volume_id": "string",
                "volume_size": "number",
                "volume_type": "string"
              }
            ]
          ],
          "ebs_optimized": "bool",
          "enclave_options": [
            "list",
            [
              "object",
              {
                "enabled": "bool"
              }
            ]
          ],
          "ephemeral_block_device": [
            "set",
            [
              "object",
              {
                "device_name": "string",
                "no_device": "bool",
                "virtual_name": "string"
              }
            ]
          ],
          "get_password_data": "bool",
          "hibernation": "bool",
          "host_id": "string",
          "iam_instance_profile": "string",
          "id": "string",
          "instance_initiated_shutdown_behavior": "string",
          "instance_state": "string",
          "instance_type": "string",
          "ipv6_address_count": "number",
          "ipv6_addresses": [
            "list",
            "string"
          ],
          "key_name": "string",
          "metadata_options": [
            "list",
            [
              "object",
              {
                "http_endpoint": "string",
                "http_put_response_hop_limit": "number",
                "http_tokens": "string"
              }
            ]
          ],
          "monitoring": "bool",
          "network_interface": [
            "set",
            [
              "object",
              {
                "delete_on_termination": "bool",
                "device_index": "number",
                "network_interface_id": "string"
              }
            ]
          ],
          "outpost_arn": "string",
          "password_data": "string",
          "placement_group": "string",
          "primary_network_interface_id": "string",
          "private_dns": "string",
          "private_ip": "string",
          "public_dns": "string",
          "public_ip": "string",
          "root_block_device": [
            "list",
            [
              "object",
              {
                "delete_on_termination": "bool",
                "device_name": "string",
                "encrypted": "bool",
                "iops": "number",
                "kms_key_id": "string",
                "tags": [
                  "map",
                  "string"
                ],
                "throughput": "number",
                "volume_id": "string",
                "volume_size": "number",
                "volume_type": "string"
              }
            ]
          ],
          "secondary_private_ips": [
            "set",
            "string"
          ],
          "security_groups": [
            "set",
            "string"
          ],
          "source_dest_check": "bool",
          "subnet_id": "string",
          "tags": [
            "map",
            "string"
          ],
          "tags_all": [
            "map",
            "string"
          ],
          "tenancy": "string",
          "timeouts": [
            "object",
            {
              "create": "string",
              "delete": "string",
              "update": "string"
            }
          ],
          "user_data": "string",
          "user_data_base64": "string",
          "volume_tags": [
            "map",
            "string"
          ],
          "vpc_security_group_ids": [
            "set",
            "string"
          ]
        }
      ]
    }
  },
  "resources": [
    {
      "mode": "data",
      "type": "aws_ami",
      "name": "ubuntu",
      "provider": "provider[\"registry.terraform.io/hashicorp/aws\"]",
      "instances": [
        {
          "schema_version": 0,
          "attributes": {
            "architecture": "x86_64",
            "arn": "arn:aws:ec2:eu-central-1::image/ami-0bdbe51a2e8070ff2",
            "block_device_mappings": [
              {
                "device_name": "/dev/sda1",
                "ebs": {
                  "delete_on_termination": "true",
                  "encrypted": "false",
                  "iops": "0",
                  "snapshot_id": "snap-08bd3fa3b5979c9ee",
                  "throughput": "0",
                  "volume_size": "8",
                  "volume_type": "gp2"
                },
                "no_device": "",
                "virtual_name": ""
              },
              {
                "device_name": "/dev/sdb",
                "ebs": {},
                "no_device": "",
                "virtual_name": "ephemeral0"
              },
              {
                "device_name": "/dev/sdc",
                "ebs": {},
                "no_device": "",
                "virtual_name": "ephemeral1"
              }
            ],
            "creation_date": "2021-06-22T20:54:32.000Z",
            "description": "Canonical, Ubuntu, 20.04 LTS, amd64 focal image build on 2021-06-21",
            "ena_support": true,
            "executable_users": null,
            "filter": [
              {
                "name": "name",
                "values": [
                  "ubuntu/images/hvm-ssd/ubuntu-focal-20.04-amd64-server-*"
                ]
              },
              {
                "name": "virtualization-type",
                "values": [
                  "hvm"
                ]
              }
            ],
            "hypervisor": "xen",
            "id": "ami-0bdbe51a2e8070ff2",
            "image_id": "ami-0bdbe51a2e8070ff2",
            "image_location": "099720109477/ubuntu/images/hvm-ssd/ubuntu-focal-20.04-amd64-server-20210621",
            "image_owner_alias": null,
            "image_type": "machine",
            "kernel_id": null,
            "most_recent": true,
            "name": "ubuntu/images/hvm-ssd/ubuntu-focal-20.04-amd64-server-20210621",
            "name_regex": null,
            "owner_id": "099720109477",
            "owners": [
              "099720109477"
            ],
            "platform": null,
            "platform_details": "Linux/UNIX",
            "product_codes": [],
            "public": true,
            "ramdisk_id": null,
            "root_device_name": "/dev/sda1",
            "root_device_type": "ebs",
            "root_snapshot_id": "snap-08bd3fa3b5979c9ee",
            "sriov_net_support": "simple",
            "state": "available",
            "state_reason": {
              "code": "UNSET",
              "message": "UNSET"
            },
            "tags": {},
            "usage_operation": "RunInstances",
            "virtualization_type": "hvm"
          },
          "sensitive_attributes": []
        }
      ]
    },
    {
      "mode": "managed",
      "type": "aws_instance",
      "name": "server",
      "provider": "provider[\"registry.terraform.io/hashicorp/aws\"]",
      "instances": [
        {
          "schema_version": 1,
          "attributes": {
            "ami": "ami-0bdbe51a2e8070ff2",
            "arn": "arn:aws:ec2:eu-central-1:629937491181:instance/i-0df1b233a3f79ca04",
            "associate_public_ip_address": true,
            "availability_zone": "eu-central-1b",
            "capacity_reservation_specification": [
              {
                "capacity_reservation_preference": "open",
                "capacity_reservation_target": []
              }
            ],
            "cpu_core_count": 1,
            "cpu_threads_per_core": 1,
            "credit_specification": [
              {
                "cpu_credits": "standard"
              }
            ],
            "disable_api_termination": false,
            "ebs_block_device": [],
            "ebs_optimized": false,
            "enclave_options": [
              {
                "enabled": false
              }
            ],
            "ephemeral_block_device": [],
            "get_password_data": false,
            "hibernation": false,
            "host_id": null,
            "iam_instance_profile": "",
            "id": "i-0df1b233a3f79ca04",
            "instance_initiated_shutdown_behavior": "stop",
            "instance_state": "running",
            "instance_type": "t2.micro",
            "ipv6_address_count": 0,
            "ipv6_addresses": [],
            "key_name": "my-key",
            "metadata_options": [
              {
                "http_endpoint": "enabled",
                "http_put_response_hop_limit": 1,
                "http_tokens": "optional"
              }
            ],
            "monitoring": false,
            "network_interface": [],
            "outpost_arn": "",
            "password_data": "",
            "placement_group": "",
            "primary_network_interface_id": "eni-02b82920f63d389ab",
            "private_dns": "ip-172-31-43-150.eu-central-1.compute.internal",
            "private_ip": "172.31.43.150",
            "public_dns": "ec2-35-156-33-50.eu-central-1.compute.amazonaws.com",
            "public_ip": "35.156.33.50",
            "root_block_device": [
              {
                "delete_on_termination": true,
                "device_name": "/dev/sda1",
                "encrypted": false,
                "iops": 100,
                "kms_key_id": "",
                "tags": {},
                "throughput": 0,
                "volume_id": "vol-08fb0c3f00d802307",
                "volume_size": 8,
                "volume_type": "gp2"
              }
            ],
            "secondary_private_ips": [],
            "security_groups": [
              "security_group"
            ],
            "source_dest_check": true,
            "subnet_id": "subnet-110bb06d",
            "tags": {},
            "tags_all": {},
            "tenancy": "default",
            "timeouts": null,
            "user_data": null,
            "user_data_base64": null,
            "volume_tags": null,
            "vpc_security_group_ids": [
              "sg-0790a1f603841f05b"
            ]
          },
          "sensitive_attributes": [],
          "private": "eyJlMmJmYjczMC1lY2FhLTExZTYtOGY4OC0zNDM2M2JjN2M0YzAiOnsiY3JlYXRlIjo2MDAwMDAwMDAwMDAsImRlbGV0ZSI6MTIwMDAwMDAwMDAwMCwidXBkYXRlIjo2MDAwMDAwMDAwMDB9LCJzY2hlbWFfdmVyc2lvbiI6IjEifQ==",
          "dependencies": [
            "aws_security_group.security_group",
            "data.aws_ami.ubuntu",
            "aws_key_pair.deployer"
          ]
        }
      ]
    },
    {
      "mode": "managed",
      "type": "aws_key_pair",
      "name": "deployer",
      "provider": "provider[\"registry.terraform.io/hashicorp/aws\"]",
      "instances": [
        {
          "schema_version": 1,
          "attributes": {
            "arn": "arn:aws:ec2:eu-central-1:629937491181:key-pair/my-key",
            "fingerprint": "29:25:bd:fd:c0:17:ad:d9:77:c2:2a:bf:a4:0e:98:7b",
            "id": "my-key",
            "key_name": "my-key",
            "key_name_prefix": null,
            "key_pair_id": "key-0563d0e092bf3c5db",
            "public_key": "ssh-rsa AAAAB3NzaC1yc2EAAAADAQABAAABAQDKT74P8ocb51cFxYNOdE5VecQ74sC0GYU9tNEgFKL+gH4fyFMo5CLLEiyo5yjznDPZdaqIiQImjwsaxLZSB7ZZRxjlbYXFKE7DBnF40D9HPF+G29XhbNnE9f7pf6HJcMSbH8irA8Hbhb5xvvW95yfv81KCLWy/SreR6RgxctRkZKjgES5Xjr/VcG7wm6rIT52PEnL6glcDR5Rbr4CWERS0PzJN8D+8IW3cdW67+qpzgkuPVGOLF1DWvIcv0CF+oQgN/bI1C2zE43GmT6IBslkdc2tFoC1HIdhsWHJ0sUtgpGMUzVp05vOLNnGmpRvj0XT0DssEGDum3z5YI8lvniYt ivan@ivan-debian",
            "tags": {},
            "tags_all": {}
          },
          "sensitive_attributes": [],
          "private": "eyJzY2hlbWFfdmVyc2lvbiI6IjEifQ=="
        }
      ]
    },
    {
      "mode": "managed",
      "type": "aws_security_group",
      "name": "security_group",
      "provider": "provider[\"registry.terraform.io/hashicorp/aws\"]",
      "instances": [
        {
          "schema_version": 1,
          "attributes": {
            "arn": "arn:aws:ec2:eu-central-1:629937491181:security-group/sg-0790a1f603841f05b",
            "description": "Managed by Terraform",
            "egress": [
              {
                "cidr_blocks": [
                  "0.0.0.0/0"
                ],
                "description": "",
                "from_port": 0,
                "ipv6_cidr_blocks": [
                  "::/0"
                ],
                "prefix_list_ids": [],
                "protocol": "-1",
                "security_groups": [],
                "self": false,
                "to_port": 0
              }
            ],
            "id": "sg-0790a1f603841f05b",
            "ingress": [
              {
                "cidr_blocks": [
                  "0.0.0.0/0"
                ],
                "description": "app",
                "from_port": 80,
                "ipv6_cidr_blocks": [
                  "::/0"
                ],
                "prefix_list_ids": [],
                "protocol": "tcp",
                "security_groups": [],
                "self": false,
                "to_port": 80
              },
              {
                "cidr_blocks": [
                  "0.0.0.0/0"
                ],
                "description": "ssh",
                "from_port": 22,
                "ipv6_cidr_blocks": [
                  "::/0"
                ],
                "prefix_list_ids": [],
                "protocol": "tcp",
                "security_groups": [],
                "self": false,
                "to_port": 22
              }
            ],
            "name": "security_group",
            "name_prefix": "",
            "owner_id": "629937491181",
            "revoke_rules_on_delete": false,
            "tags": {
              "Name": "security_group"
            },
            "tags_all": {
              "Name": "security_group"
            },
            "timeouts": null,
            "vpc_id": "vpc-a07410ca"
          },
          "sensitive_attributes": [],
          "private": "eyJlMmJmYjczMC1lY2FhLTExZTYtOGY4OC0zNDM2M2JjN2M0YzAiOnsiY3JlYXRlIjo2MDAwMDAwMDAwMDAsImRlbGV0ZSI6OTAwMDAwMDAwMDAwfSwic2NoZW1hX3ZlcnNpb24iOiIxIn0="
        }
      ]
    },
    {
      "mode": "managed",
      "type": "datadog_synthetics_test",
      "name": "check_app",
      "provider": "provider[\"registry.terraform.io/datadog/datadog\"]",
      "instances": [
        {
          "schema_version": 0,
          "attributes": {
            "api_step": [],
            "assertion": [],
            "browser_step": [],
            "browser_variable": [],
            "config_variable": [],
            "device_ids": [
              "laptop_large"
            ],
            "id": "3xw-s9v-ymq",
            "locations": [
              "aws:eu-central-1"
            ],
            "message": "Alert",
            "monitor_id": 1572885,
            "name": "Test",
            "options_list": [
              {
                "accept_self_signed": false,
                "allow_insecure": false,
                "follow_redirects": false,
                "min_failure_duration": 0,
                "min_location_failed": 1,
                "monitor_name": "",
                "monitor_options": [
                  {
                    "renotify_interval": 100
                  }
                ],
                "monitor_priority": 0,
                "no_screenshot": false,
                "retry": [
                  {
                    "count": 2,
                    "interval": 300
                  }
                ],
                "tick_every": 900
              }
            ],
            "request_basicauth": [],
            "request_client_certificate": [],
            "request_definition": [
              {
                "body": "",
                "dns_server": "",
                "dns_server_port": 0,
                "host": "",
                "method": "GET",
                "no_saving_response_body": false,
                "number_of_packets": 0,
                "port": 0,
                "should_track_hops": false,
                "timeout": 0,
                "url": "http://localhost"
              }
            ],
            "request_headers": null,
            "request_query": null,
            "set_cookie": null,
            "status": "live",
            "subtype": "http",
            "tags": [
              "foo:bar",
              "foo",
              "env:test"
            ],
            "type": "browser"
          },
          "sensitive_attributes": [],
          "private": "bnVsbA=="
        }
      ]
    }
  ]
}
